
Microsoft Visual Studio Solution File, Format Version 12.00
# Visual Studio Version 16
VisualStudioVersion = 16.0.31729.503
MinimumVisualStudioVersion = 10.0.40219.1
Project("{FAE04EC0-301F-11D3-BF4B-00C04F79EFBC}") = "ExerciceClasseEmploye", "ExerciceClasseEmploye\ExerciceClasseEmploye.csproj", "{14767EA2-8503-4E5B-BF96-4EDF1AC1A30D}"
EndProject
Global
	GlobalSection(SolutionConfigurationPlatforms) = preSolution
		Debug|Any CPU = Debug|Any CPU
		Release|Any CPU = Release|Any CPU
	EndGlobalSection
	GlobalSection(ProjectConfigurationPlatforms) = postSolution
		{14767EA2-8503-4E5B-BF96-4EDF1AC1A30D}.Debug|Any CPU.ActiveCfg = Debug|Any CPU
		{14767EA2-8503-4E5B-BF96-4EDF1AC1A30D}.Debug|Any CPU.Build.0 = Debug|Any CPU
		{14767EA2-8503-4E5B-BF96-4EDF1AC1A30D}.Release|Any CPU.ActiveCfg = Release|Any CPU
		{14767EA2-8503-4E5B-BF96-4EDF1AC1A30D}.Release|Any CPU.Build.0 = Release|Any CPU
	EndGlobalSection
	GlobalSection(SolutionProperties) = preSolution
		HideSolutionNode = FALSE
	EndGlobalSection
	GlobalSection(ExtensibilityGlobals) = postSolution
		SolutionGuid = {1D718370-547B-4DEC-AD24-3A1FF82B931F}
	EndGlobalSection
EndGlobal
