
Microsoft Visual Studio Solution File, Format Version 12.00
# Visual Studio Version 16
VisualStudioVersion = 16.0.31729.503
MinimumVisualStudioVersion = 10.0.40219.1
Project("{FAE04EC0-301F-11D3-BF4B-00C04F79EFBC}") = "1.2", "1.2\1.2.csproj", "{503DF51C-BBBB-4AC9-A6DF-99D1EE692DAE}"
EndProject
Global
	GlobalSection(SolutionConfigurationPlatforms) = preSolution
		Debug|Any CPU = Debug|Any CPU
		Release|Any CPU = Release|Any CPU
	EndGlobalSection
	GlobalSection(ProjectConfigurationPlatforms) = postSolution
		{503DF51C-BBBB-4AC9-A6DF-99D1EE692DAE}.Debug|Any CPU.ActiveCfg = Debug|Any CPU
		{503DF51C-BBBB-4AC9-A6DF-99D1EE692DAE}.Debug|Any CPU.Build.0 = Debug|Any CPU
		{503DF51C-BBBB-4AC9-A6DF-99D1EE692DAE}.Release|Any CPU.ActiveCfg = Release|Any CPU
		{503DF51C-BBBB-4AC9-A6DF-99D1EE692DAE}.Release|Any CPU.Build.0 = Release|Any CPU
	EndGlobalSection
	GlobalSection(SolutionProperties) = preSolution
		HideSolutionNode = FALSE
	EndGlobalSection
	GlobalSection(ExtensibilityGlobals) = postSolution
		SolutionGuid = {C024A970-EF57-4BB0-8857-0138F8C40EB6}
	EndGlobalSection
EndGlobal
