
Microsoft Visual Studio Solution File, Format Version 12.00
# Visual Studio Version 16
VisualStudioVersion = 16.0.31729.503
MinimumVisualStudioVersion = 10.0.40219.1
Project("{FAE04EC0-301F-11D3-BF4B-00C04F79EFBC}") = "calendrier", "calendrier\calendrier.csproj", "{A0540CAE-DC7A-4C72-8DCB-BE154D655691}"
EndProject
Global
	GlobalSection(SolutionConfigurationPlatforms) = preSolution
		Debug|Any CPU = Debug|Any CPU
		Release|Any CPU = Release|Any CPU
	EndGlobalSection
	GlobalSection(ProjectConfigurationPlatforms) = postSolution
		{A0540CAE-DC7A-4C72-8DCB-BE154D655691}.Debug|Any CPU.ActiveCfg = Debug|Any CPU
		{A0540CAE-DC7A-4C72-8DCB-BE154D655691}.Debug|Any CPU.Build.0 = Debug|Any CPU
		{A0540CAE-DC7A-4C72-8DCB-BE154D655691}.Release|Any CPU.ActiveCfg = Release|Any CPU
		{A0540CAE-DC7A-4C72-8DCB-BE154D655691}.Release|Any CPU.Build.0 = Release|Any CPU
	EndGlobalSection
	GlobalSection(SolutionProperties) = preSolution
		HideSolutionNode = FALSE
	EndGlobalSection
	GlobalSection(ExtensibilityGlobals) = postSolution
		SolutionGuid = {E66E1739-B2E5-454D-AD13-FE69D127F7FA}
	EndGlobalSection
EndGlobal
