
Microsoft Visual Studio Solution File, Format Version 12.00
# Visual Studio Version 16
VisualStudioVersion = 16.0.32106.194
MinimumVisualStudioVersion = 10.0.40219.1
Project("{FAE04EC0-301F-11D3-BF4B-00C04F79EFBC}") = "testCallApi", "testCallApi\testCallApi.csproj", "{42A89FF1-E335-4D8C-861D-B25A76D79589}"
EndProject
Global
	GlobalSection(SolutionConfigurationPlatforms) = preSolution
		Debug|Any CPU = Debug|Any CPU
		Release|Any CPU = Release|Any CPU
	EndGlobalSection
	GlobalSection(ProjectConfigurationPlatforms) = postSolution
		{42A89FF1-E335-4D8C-861D-B25A76D79589}.Debug|Any CPU.ActiveCfg = Debug|Any CPU
		{42A89FF1-E335-4D8C-861D-B25A76D79589}.Debug|Any CPU.Build.0 = Debug|Any CPU
		{42A89FF1-E335-4D8C-861D-B25A76D79589}.Release|Any CPU.ActiveCfg = Release|Any CPU
		{42A89FF1-E335-4D8C-861D-B25A76D79589}.Release|Any CPU.Build.0 = Release|Any CPU
	EndGlobalSection
	GlobalSection(SolutionProperties) = preSolution
		HideSolutionNode = FALSE
	EndGlobalSection
	GlobalSection(ExtensibilityGlobals) = postSolution
		SolutionGuid = {4EE04F17-7A4C-423A-8587-A16B2E7BBA1F}
	EndGlobalSection
EndGlobal
