
Microsoft Visual Studio Solution File, Format Version 12.00
# Visual Studio Version 16
VisualStudioVersion = 16.0.31729.503
MinimumVisualStudioVersion = 10.0.40219.1
Project("{9A19103F-16F7-4668-BE54-9A1E7A4F7556}") = "Traitements conditionnels", "Traitements conditionnels\Traitements conditionnels.csproj", "{37ECEFC3-D013-4DCA-9ADD-57C639536133}"
EndProject
Global
	GlobalSection(SolutionConfigurationPlatforms) = preSolution
		Debug|Any CPU = Debug|Any CPU
		Release|Any CPU = Release|Any CPU
	EndGlobalSection
	GlobalSection(ProjectConfigurationPlatforms) = postSolution
		{37ECEFC3-D013-4DCA-9ADD-57C639536133}.Debug|Any CPU.ActiveCfg = Debug|Any CPU
		{37ECEFC3-D013-4DCA-9ADD-57C639536133}.Debug|Any CPU.Build.0 = Debug|Any CPU
		{37ECEFC3-D013-4DCA-9ADD-57C639536133}.Release|Any CPU.ActiveCfg = Release|Any CPU
		{37ECEFC3-D013-4DCA-9ADD-57C639536133}.Release|Any CPU.Build.0 = Release|Any CPU
	EndGlobalSection
	GlobalSection(SolutionProperties) = preSolution
		HideSolutionNode = FALSE
	EndGlobalSection
	GlobalSection(ExtensibilityGlobals) = postSolution
		SolutionGuid = {C4EEB679-B029-4A04-BAF8-BBAECC41AE80}
	EndGlobalSection
EndGlobal
