
Microsoft Visual Studio Solution File, Format Version 12.00
# Visual Studio Version 16
VisualStudioVersion = 16.0.31911.196
MinimumVisualStudioVersion = 10.0.40219.1
Project("{FAE04EC0-301F-11D3-BF4B-00C04F79EFBC}") = "modelToBase", "modelToBase\modelToBase.csproj", "{8A084D90-EB1C-4B0B-939F-A1138F4B9A50}"
EndProject
Global
	GlobalSection(SolutionConfigurationPlatforms) = preSolution
		Debug|Any CPU = Debug|Any CPU
		Release|Any CPU = Release|Any CPU
	EndGlobalSection
	GlobalSection(ProjectConfigurationPlatforms) = postSolution
		{8A084D90-EB1C-4B0B-939F-A1138F4B9A50}.Debug|Any CPU.ActiveCfg = Debug|Any CPU
		{8A084D90-EB1C-4B0B-939F-A1138F4B9A50}.Debug|Any CPU.Build.0 = Debug|Any CPU
		{8A084D90-EB1C-4B0B-939F-A1138F4B9A50}.Release|Any CPU.ActiveCfg = Release|Any CPU
		{8A084D90-EB1C-4B0B-939F-A1138F4B9A50}.Release|Any CPU.Build.0 = Release|Any CPU
	EndGlobalSection
	GlobalSection(SolutionProperties) = preSolution
		HideSolutionNode = FALSE
	EndGlobalSection
	GlobalSection(ExtensibilityGlobals) = postSolution
		SolutionGuid = {7551D062-9513-42BC-9A53-05E6BB7A7F9E}
	EndGlobalSection
EndGlobal
