
Microsoft Visual Studio Solution File, Format Version 12.00
# Visual Studio Version 16
VisualStudioVersion = 16.0.31911.196
MinimumVisualStudioVersion = 10.0.40219.1
Project("{FAE04EC0-301F-11D3-BF4B-00C04F79EFBC}") = "PersonneAnimal", "PersonneAnimal\PersonneAnimal.csproj", "{134AB3BA-7933-49C3-A1B5-49BC4E2F60E4}"
EndProject
Global
	GlobalSection(SolutionConfigurationPlatforms) = preSolution
		Debug|Any CPU = Debug|Any CPU
		Release|Any CPU = Release|Any CPU
	EndGlobalSection
	GlobalSection(ProjectConfigurationPlatforms) = postSolution
		{134AB3BA-7933-49C3-A1B5-49BC4E2F60E4}.Debug|Any CPU.ActiveCfg = Debug|Any CPU
		{134AB3BA-7933-49C3-A1B5-49BC4E2F60E4}.Debug|Any CPU.Build.0 = Debug|Any CPU
		{134AB3BA-7933-49C3-A1B5-49BC4E2F60E4}.Release|Any CPU.ActiveCfg = Release|Any CPU
		{134AB3BA-7933-49C3-A1B5-49BC4E2F60E4}.Release|Any CPU.Build.0 = Release|Any CPU
	EndGlobalSection
	GlobalSection(SolutionProperties) = preSolution
		HideSolutionNode = FALSE
	EndGlobalSection
	GlobalSection(ExtensibilityGlobals) = postSolution
		SolutionGuid = {A4ACA8D2-3615-42CA-ABB5-41AEDBC537CE}
	EndGlobalSection
EndGlobal
