
Microsoft Visual Studio Solution File, Format Version 12.00
# Visual Studio Version 16
VisualStudioVersion = 16.0.31911.196
MinimumVisualStudioVersion = 10.0.40219.1
Project("{FAE04EC0-301F-11D3-BF4B-00C04F79EFBC}") = "tableLié", "tableLié\tableLié.csproj", "{FA1EB74F-CE12-45B0-909E-B8B7D5DCC1DD}"
EndProject
Global
	GlobalSection(SolutionConfigurationPlatforms) = preSolution
		Debug|Any CPU = Debug|Any CPU
		Release|Any CPU = Release|Any CPU
	EndGlobalSection
	GlobalSection(ProjectConfigurationPlatforms) = postSolution
		{FA1EB74F-CE12-45B0-909E-B8B7D5DCC1DD}.Debug|Any CPU.ActiveCfg = Debug|Any CPU
		{FA1EB74F-CE12-45B0-909E-B8B7D5DCC1DD}.Debug|Any CPU.Build.0 = Debug|Any CPU
		{FA1EB74F-CE12-45B0-909E-B8B7D5DCC1DD}.Release|Any CPU.ActiveCfg = Release|Any CPU
		{FA1EB74F-CE12-45B0-909E-B8B7D5DCC1DD}.Release|Any CPU.Build.0 = Release|Any CPU
	EndGlobalSection
	GlobalSection(SolutionProperties) = preSolution
		HideSolutionNode = FALSE
	EndGlobalSection
	GlobalSection(ExtensibilityGlobals) = postSolution
		SolutionGuid = {B6B909CF-C795-47B5-85D8-4835CB43D1CB}
	EndGlobalSection
EndGlobal
