
Microsoft Visual Studio Solution File, Format Version 12.00
# Visual Studio Version 16
VisualStudioVersion = 16.0.31729.503
MinimumVisualStudioVersion = 10.0.40219.1
Project("{FAE04EC0-301F-11D3-BF4B-00C04F79EFBC}") = "test", "test\test.csproj", "{FC1873D9-AF3B-4C92-A837-5276ABAEA896}"
EndProject
Global
	GlobalSection(SolutionConfigurationPlatforms) = preSolution
		Debug|Any CPU = Debug|Any CPU
		Release|Any CPU = Release|Any CPU
	EndGlobalSection
	GlobalSection(ProjectConfigurationPlatforms) = postSolution
		{FC1873D9-AF3B-4C92-A837-5276ABAEA896}.Debug|Any CPU.ActiveCfg = Debug|Any CPU
		{FC1873D9-AF3B-4C92-A837-5276ABAEA896}.Debug|Any CPU.Build.0 = Debug|Any CPU
		{FC1873D9-AF3B-4C92-A837-5276ABAEA896}.Release|Any CPU.ActiveCfg = Release|Any CPU
		{FC1873D9-AF3B-4C92-A837-5276ABAEA896}.Release|Any CPU.Build.0 = Release|Any CPU
	EndGlobalSection
	GlobalSection(SolutionProperties) = preSolution
		HideSolutionNode = FALSE
	EndGlobalSection
	GlobalSection(ExtensibilityGlobals) = postSolution
		SolutionGuid = {734E08E6-C743-4C6F-AC76-8B21C5F784D2}
	EndGlobalSection
EndGlobal
