
Microsoft Visual Studio Solution File, Format Version 12.00
# Visual Studio Version 16
VisualStudioVersion = 16.0.31729.503
MinimumVisualStudioVersion = 10.0.40219.1
Project("{FAE04EC0-301F-11D3-BF4B-00C04F79EFBC}") = "Chaînes de caractères", "Chaînes de caractères\Chaînes de caractères.csproj", "{B859B9D2-3D4A-4170-B594-75D1EAFE5756}"
EndProject
Global
	GlobalSection(SolutionConfigurationPlatforms) = preSolution
		Debug|Any CPU = Debug|Any CPU
		Release|Any CPU = Release|Any CPU
	EndGlobalSection
	GlobalSection(ProjectConfigurationPlatforms) = postSolution
		{B859B9D2-3D4A-4170-B594-75D1EAFE5756}.Debug|Any CPU.ActiveCfg = Debug|Any CPU
		{B859B9D2-3D4A-4170-B594-75D1EAFE5756}.Debug|Any CPU.Build.0 = Debug|Any CPU
		{B859B9D2-3D4A-4170-B594-75D1EAFE5756}.Release|Any CPU.ActiveCfg = Release|Any CPU
		{B859B9D2-3D4A-4170-B594-75D1EAFE5756}.Release|Any CPU.Build.0 = Release|Any CPU
	EndGlobalSection
	GlobalSection(SolutionProperties) = preSolution
		HideSolutionNode = FALSE
	EndGlobalSection
	GlobalSection(ExtensibilityGlobals) = postSolution
		SolutionGuid = {88C4B872-F899-447A-8D86-49024DAAF308}
	EndGlobalSection
EndGlobal
